github.com/danielfdickinson/image-handling-mod-hugo-dfd v0.4.3-0.20220803024241-ea3af1845f95 h1:KTJ+Y2NMhwd6v8h9CvGH1N6dz2qGihI6fmjn5NmGols=
github.com/danielfdickinson/image-handling-mod-hugo-dfd v0.4.3-0.20220803024241-ea3af1845f95/go.mod h1:h+vNqbDFVmrcnlUq1GsWtKS3HWw7wLDqM1PahGQjSOY=
github.com/danielfdickinson/metadata-mod-hugo-dfd v0.3.2-0.20220808044440-db58a03314d5 h1:m75cxbgme+PeAupOMKCqe4tgRqR1oGMgnzPmCm5daj8=
github.com/danielfdickinson/metadata-mod-hugo-dfd v0.3.2-0.20220808044440-db58a03314d5/go.mod h1:QcTLK04wrA/TEvdjNn/v7zk0XGU31DHmRJeRVJeH73k=
