github.com/danielfdickinson/image-handling-mod-hugo-dfd v0.4.3-0.20220803024241-ea3af1845f95 h1:KTJ+Y2NMhwd6v8h9CvGH1N6dz2qGihI6fmjn5NmGols=
github.com/danielfdickinson/image-handling-mod-hugo-dfd v0.4.3-0.20220803024241-ea3af1845f95/go.mod h1:h+vNqbDFVmrcnlUq1GsWtKS3HWw7wLDqM1PahGQjSOY=
github.com/danielfdickinson/metadata-mod-hugo-dfd v0.3.2-0.20220803035633-41b839c636ed h1:KsuKtydP8fLRG/b7wmI7qrgt4KWYuZ6YgB5Qbv+6Fpw=
github.com/danielfdickinson/metadata-mod-hugo-dfd v0.3.2-0.20220803035633-41b839c636ed/go.mod h1:QcTLK04wrA/TEvdjNn/v7zk0XGU31DHmRJeRVJeH73k=
